
Microsoft Visual Studio Solution File, Format Version 12.00
# Visual Studio Version 17
VisualStudioVersion = 17.0.31903.59
MinimumVisualStudioVersion = 10.0.40219.1
Project("{2150E333-8FDC-42A3-9474-1A3956D46DE8}") = "src", "src", "{827E0CD3-B72D-47B6-A68D-7590B98EB39B}"
EndProject
Project("{FAE04EC0-301F-11D3-BF4B-00C04F79EFBC}") = "GongWei.Admin", "src\GongWei.Admin\GongWei.Admin.csproj", "{7C2CE13D-6571-4223-B89C-F572B32201AF}"
EndProject
Project("{FAE04EC0-301F-11D3-BF4B-00C04F79EFBC}") = "GongWei.Infrastructure", "src\GongWei.Infrastructure\GongWei.Infrastructure.csproj", "{0513A4AC-672F-451C-A958-A60C608D1C73}"
EndProject
Project("{FAE04EC0-301F-11D3-BF4B-00C04F79EFBC}") = "GongWei.Application", "src\GongWei.Application\GongWei.Application.csproj", "{07B37FF0-C1D7-4776-852F-31D4CB99A081}"
EndProject
Project("{FAE04EC0-301F-11D3-BF4B-00C04F79EFBC}") = "GongWei.Domain", "src\GongWei.Domain\GongWei.Domain.csproj", "{017B91D1-CFC5-4923-9F1A-4AFB73750772}"
EndProject
Project("{FAE04EC0-301F-11D3-BF4B-00C04F79EFBC}") = "GongWei.Api", "src\GongWei.Api\GongWei.Api.csproj", "{C7ED52A4-12E1-435D-8F76-94D07BB2500E}"
EndProject
Project("{FAE04EC0-301F-11D3-BF4B-00C04F79EFBC}") = "GongWei.Worker", "src\GongWei.Worker\GongWei.Worker.csproj", "{2233F5BA-8D6A-4D30-923D-4DA8E2EE7AEB}"
EndProject
Project("{2150E333-8FDC-42A3-9474-1A3956D46DE8}") = "tests", "tests", "{0AB3BF05-4346-4AA6-1389-037BE0695223}"
EndProject
Project("{FAE04EC0-301F-11D3-BF4B-00C04F79EFBC}") = "GongWei.Domain.Tests", "tests\GongWei.Domain.Tests\GongWei.Domain.Tests.csproj", "{F985B158-51E3-4A6D-B802-AC28FFB6DCE6}"
EndProject
Project("{FAE04EC0-301F-11D3-BF4B-00C04F79EFBC}") = "GongWei.Postgres.Tests", "tests\GongWei.Postgres.Tests\GongWei.Postgres.Tests.csproj", "{4B806BDE-7ECC-47EE-992E-689FDA186F66}"
EndProject
Project("{2150E333-8FDC-42A3-9474-1A3956D46DE8}") = "tools", "tools", "{07C2787E-EAC7-C090-1BA3-A61EC2A24D84}"
EndProject
Project("{FAE04EC0-301F-11D3-BF4B-00C04F79EFBC}") = "GongWei.AdminCli", "tools\GongWei.AdminCli\GongWei.AdminCli.csproj", "{E7477D3F-4B63-4796-B795-4E77E4A94AD1}"
EndProject
Global
	GlobalSection(SolutionConfigurationPlatforms) = preSolution
		Debug|Any CPU = Debug|Any CPU
		Debug|x64 = Debug|x64
		Debug|x86 = Debug|x86
		Release|Any CPU = Release|Any CPU
		Release|x64 = Release|x64
		Release|x86 = Release|x86
	EndGlobalSection
	GlobalSection(ProjectConfigurationPlatforms) = postSolution
		{7C2CE13D-6571-4223-B89C-F572B32201AF}.Debug|Any CPU.ActiveCfg = Debug|Any CPU
		{7C2CE13D-6571-4223-B89C-F572B32201AF}.Debug|Any CPU.Build.0 = Debug|Any CPU
		{7C2CE13D-6571-4223-B89C-F572B32201AF}.Debug|x64.ActiveCfg = Debug|Any CPU
		{7C2CE13D-6571-4223-B89C-F572B32201AF}.Debug|x64.Build.0 = Debug|Any CPU
		{7C2CE13D-6571-4223-B89C-F572B32201AF}.Debug|x86.ActiveCfg = Debug|Any CPU
		{7C2CE13D-6571-4223-B89C-F572B32201AF}.Debug|x86.Build.0 = Debug|Any CPU
		{7C2CE13D-6571-4223-B89C-F572B32201AF}.Release|Any CPU.ActiveCfg = Release|Any CPU
		{7C2CE13D-6571-4223-B89C-F572B32201AF}.Release|Any CPU.Build.0 = Release|Any CPU
		{7C2CE13D-6571-4223-B89C-F572B32201AF}.Release|x64.ActiveCfg = Release|Any CPU
		{7C2CE13D-6571-4223-B89C-F572B32201AF}.Release|x64.Build.0 = Release|Any CPU
		{7C2CE13D-6571-4223-B89C-F572B32201AF}.Release|x86.ActiveCfg = Release|Any CPU
		{7C2CE13D-6571-4223-B89C-F572B32201AF}.Release|x86.Build.0 = Release|Any CPU
		{0513A4AC-672F-451C-A958-A60C608D1C73}.Debug|Any CPU.ActiveCfg = Debug|Any CPU
		{0513A4AC-672F-451C-A958-A60C608D1C73}.Debug|Any CPU.Build.0 = Debug|Any CPU
		{0513A4AC-672F-451C-A958-A60C608D1C73}.Debug|x64.ActiveCfg = Debug|Any CPU
		{0513A4AC-672F-451C-A958-A60C608D1C73}.Debug|x64.Build.0 = Debug|Any CPU
		{0513A4AC-672F-451C-A958-A60C608D1C73}.Debug|x86.ActiveCfg = Debug|Any CPU
		{0513A4AC-672F-451C-A958-A60C608D1C73}.Debug|x86.Build.0 = Debug|Any CPU
		{0513A4AC-672F-451C-A958-A60C608D1C73}.Release|Any CPU.ActiveCfg = Release|Any CPU
		{0513A4AC-672F-451C-A958-A60C608D1C73}.Release|Any CPU.Build.0 = Release|Any CPU
		{0513A4AC-672F-451C-A958-A60C608D1C73}.Release|x64.ActiveCfg = Release|Any CPU
		{0513A4AC-672F-451C-A958-A60C608D1C73}.Release|x64.Build.0 = Release|Any CPU
		{0513A4AC-672F-451C-A958-A60C608D1C73}.Release|x86.ActiveCfg = Release|Any CPU
		{0513A4AC-672F-451C-A958-A60C608D1C73}.Release|x86.Build.0 = Release|Any CPU
		{07B37FF0-C1D7-4776-852F-31D4CB99A081}.Debug|Any CPU.ActiveCfg = Debug|Any CPU
		{07B37FF0-C1D7-4776-852F-31D4CB99A081}.Debug|Any CPU.Build.0 = Debug|Any CPU
		{07B37FF0-C1D7-4776-852F-31D4CB99A081}.Debug|x64.ActiveCfg = Debug|Any CPU
		{07B37FF0-C1D7-4776-852F-31D4CB99A081}.Debug|x64.Build.0 = Debug|Any CPU
		{07B37FF0-C1D7-4776-852F-31D4CB99A081}.Debug|x86.ActiveCfg = Debug|Any CPU
		{07B37FF0-C1D7-4776-852F-31D4CB99A081}.Debug|x86.Build.0 = Debug|Any CPU
		{07B37FF0-C1D7-4776-852F-31D4CB99A081}.Release|Any CPU.ActiveCfg = Release|Any CPU
		{07B37FF0-C1D7-4776-852F-31D4CB99A081}.Release|Any CPU.Build.0 = Release|Any CPU
		{07B37FF0-C1D7-4776-852F-31D4CB99A081}.Release|x64.ActiveCfg = Release|Any CPU
		{07B37FF0-C1D7-4776-852F-31D4CB99A081}.Release|x64.Build.0 = Release|Any CPU
		{07B37FF0-C1D7-4776-852F-31D4CB99A081}.Release|x86.ActiveCfg = Release|Any CPU
		{07B37FF0-C1D7-4776-852F-31D4CB99A081}.Release|x86.Build.0 = Release|Any CPU
		{017B91D1-CFC5-4923-9F1A-4AFB73750772}.Debug|Any CPU.ActiveCfg = Debug|Any CPU
		{017B91D1-CFC5-4923-9F1A-4AFB73750772}.Debug|Any CPU.Build.0 = Debug|Any CPU
		{017B91D1-CFC5-4923-9F1A-4AFB73750772}.Debug|x64.ActiveCfg = Debug|Any CPU
		{017B91D1-CFC5-4923-9F1A-4AFB73750772}.Debug|x64.Build.0 = Debug|Any CPU
		{017B91D1-CFC5-4923-9F1A-4AFB73750772}.Debug|x86.ActiveCfg = Debug|Any CPU
		{017B91D1-CFC5-4923-9F1A-4AFB73750772}.Debug|x86.Build.0 = Debug|Any CPU
		{017B91D1-CFC5-4923-9F1A-4AFB73750772}.Release|Any CPU.ActiveCfg = Release|Any CPU
		{017B91D1-CFC5-4923-9F1A-4AFB73750772}.Release|Any CPU.Build.0 = Release|Any CPU
		{017B91D1-CFC5-4923-9F1A-4AFB73750772}.Release|x64.ActiveCfg = Release|Any CPU
		{017B91D1-CFC5-4923-9F1A-4AFB73750772}.Release|x64.Build.0 = Release|Any CPU
		{017B91D1-CFC5-4923-9F1A-4AFB73750772}.Release|x86.ActiveCfg = Release|Any CPU
		{017B91D1-CFC5-4923-9F1A-4AFB73750772}.Release|x86.Build.0 = Release|Any CPU
		{C7ED52A4-12E1-435D-8F76-94D07BB2500E}.Debug|Any CPU.ActiveCfg = Debug|Any CPU
		{C7ED52A4-12E1-435D-8F76-94D07BB2500E}.Debug|Any CPU.Build.0 = Debug|Any CPU
		{C7ED52A4-12E1-435D-8F76-94D07BB2500E}.Debug|x64.ActiveCfg = Debug|Any CPU
		{C7ED52A4-12E1-435D-8F76-94D07BB2500E}.Debug|x64.Build.0 = Debug|Any CPU
		{C7ED52A4-12E1-435D-8F76-94D07BB2500E}.Debug|x86.ActiveCfg = Debug|Any CPU
		{C7ED52A4-12E1-435D-8F76-94D07BB2500E}.Debug|x86.Build.0 = Debug|Any CPU
		{C7ED52A4-12E1-435D-8F76-94D07BB2500E}.Release|Any CPU.ActiveCfg = Release|Any CPU
		{C7ED52A4-12E1-435D-8F76-94D07BB2500E}.Release|Any CPU.Build.0 = Release|Any CPU
		{C7ED52A4-12E1-435D-8F76-94D07BB2500E}.Release|x64.ActiveCfg = Release|Any CPU
		{C7ED52A4-12E1-435D-8F76-94D07BB2500E}.Release|x64.Build.0 = Release|Any CPU
		{C7ED52A4-12E1-435D-8F76-94D07BB2500E}.Release|x86.ActiveCfg = Release|Any CPU
		{C7ED52A4-12E1-435D-8F76-94D07BB2500E}.Release|x86.Build.0 = Release|Any CPU
		{2233F5BA-8D6A-4D30-923D-4DA8E2EE7AEB}.Debug|Any CPU.ActiveCfg = Debug|Any CPU
		{2233F5BA-8D6A-4D30-923D-4DA8E2EE7AEB}.Debug|Any CPU.Build.0 = Debug|Any CPU
		{2233F5BA-8D6A-4D30-923D-4DA8E2EE7AEB}.Debug|x64.ActiveCfg = Debug|Any CPU
		{2233F5BA-8D6A-4D30-923D-4DA8E2EE7AEB}.Debug|x64.Build.0 = Debug|Any CPU
		{2233F5BA-8D6A-4D30-923D-4DA8E2EE7AEB}.Debug|x86.ActiveCfg = Debug|Any CPU
		{2233F5BA-8D6A-4D30-923D-4DA8E2EE7AEB}.Debug|x86.Build.0 = Debug|Any CPU
		{2233F5BA-8D6A-4D30-923D-4DA8E2EE7AEB}.Release|Any CPU.ActiveCfg = Release|Any CPU
		{2233F5BA-8D6A-4D30-923D-4DA8E2EE7AEB}.Release|Any CPU.Build.0 = Release|Any CPU
		{2233F5BA-8D6A-4D30-923D-4DA8E2EE7AEB}.Release|x64.ActiveCfg = Release|Any CPU
		{2233F5BA-8D6A-4D30-923D-4DA8E2EE7AEB}.Release|x64.Build.0 = Release|Any CPU
		{2233F5BA-8D6A-4D30-923D-4DA8E2EE7AEB}.Release|x86.ActiveCfg = Release|Any CPU
		{2233F5BA-8D6A-4D30-923D-4DA8E2EE7AEB}.Release|x86.Build.0 = Release|Any CPU
		{F985B158-51E3-4A6D-B802-AC28FFB6DCE6}.Debug|Any CPU.ActiveCfg = Debug|Any CPU
		{F985B158-51E3-4A6D-B802-AC28FFB6DCE6}.Debug|Any CPU.Build.0 = Debug|Any CPU
		{F985B158-51E3-4A6D-B802-AC28FFB6DCE6}.Debug|x64.ActiveCfg = Debug|Any CPU
		{F985B158-51E3-4A6D-B802-AC28FFB6DCE6}.Debug|x64.Build.0 = Debug|Any CPU
		{F985B158-51E3-4A6D-B802-AC28FFB6DCE6}.Debug|x86.ActiveCfg = Debug|Any CPU
		{F985B158-51E3-4A6D-B802-AC28FFB6DCE6}.Debug|x86.Build.0 = Debug|Any CPU
		{F985B158-51E3-4A6D-B802-AC28FFB6DCE6}.Release|Any CPU.ActiveCfg = Release|Any CPU
		{F985B158-51E3-4A6D-B802-AC28FFB6DCE6}.Release|Any CPU.Build.0 = Release|Any CPU
		{F985B158-51E3-4A6D-B802-AC28FFB6DCE6}.Release|x64.ActiveCfg = Release|Any CPU
		{F985B158-51E3-4A6D-B802-AC28FFB6DCE6}.Release|x64.Build.0 = Release|Any CPU
		{F985B158-51E3-4A6D-B802-AC28FFB6DCE6}.Release|x86.ActiveCfg = Release|Any CPU
		{F985B158-51E3-4A6D-B802-AC28FFB6DCE6}.Release|x86.Build.0 = Release|Any CPU
		{4B806BDE-7ECC-47EE-992E-689FDA186F66}.Debug|Any CPU.ActiveCfg = Debug|Any CPU
		{4B806BDE-7ECC-47EE-992E-689FDA186F66}.Debug|Any CPU.Build.0 = Debug|Any CPU
		{4B806BDE-7ECC-47EE-992E-689FDA186F66}.Debug|x64.ActiveCfg = Debug|Any CPU
		{4B806BDE-7ECC-47EE-992E-689FDA186F66}.Debug|x64.Build.0 = Debug|Any CPU
		{4B806BDE-7ECC-47EE-992E-689FDA186F66}.Debug|x86.ActiveCfg = Debug|Any CPU
		{4B806BDE-7ECC-47EE-992E-689FDA186F66}.Debug|x86.Build.0 = Debug|Any CPU
		{4B806BDE-7ECC-47EE-992E-689FDA186F66}.Release|Any CPU.ActiveCfg = Release|Any CPU
		{4B806BDE-7ECC-47EE-992E-689FDA186F66}.Release|Any CPU.Build.0 = Release|Any CPU
		{4B806BDE-7ECC-47EE-992E-689FDA186F66}.Release|x64.ActiveCfg = Release|Any CPU
		{4B806BDE-7ECC-47EE-992E-689FDA186F66}.Release|x64.Build.0 = Release|Any CPU
		{4B806BDE-7ECC-47EE-992E-689FDA186F66}.Release|x86.ActiveCfg = Release|Any CPU
		{4B806BDE-7ECC-47EE-992E-689FDA186F66}.Release|x86.Build.0 = Release|Any CPU
		{E7477D3F-4B63-4796-B795-4E77E4A94AD1}.Debug|Any CPU.ActiveCfg = Debug|Any CPU
		{E7477D3F-4B63-4796-B795-4E77E4A94AD1}.Debug|Any CPU.Build.0 = Debug|Any CPU
		{E7477D3F-4B63-4796-B795-4E77E4A94AD1}.Debug|x64.ActiveCfg = Debug|Any CPU
		{E7477D3F-4B63-4796-B795-4E77E4A94AD1}.Debug|x64.Build.0 = Debug|Any CPU
		{E7477D3F-4B63-4796-B795-4E77E4A94AD1}.Debug|x86.ActiveCfg = Debug|Any CPU
		{E7477D3F-4B63-4796-B795-4E77E4A94AD1}.Debug|x86.Build.0 = Debug|Any CPU
		{E7477D3F-4B63-4796-B795-4E77E4A94AD1}.Release|Any CPU.ActiveCfg = Release|Any CPU
		{E7477D3F-4B63-4796-B795-4E77E4A94AD1}.Release|Any CPU.Build.0 = Release|Any CPU
		{E7477D3F-4B63-4796-B795-4E77E4A94AD1}.Release|x64.ActiveCfg = Release|Any CPU
		{E7477D3F-4B63-4796-B795-4E77E4A94AD1}.Release|x64.Build.0 = Release|Any CPU
		{E7477D3F-4B63-4796-B795-4E77E4A94AD1}.Release|x86.ActiveCfg = Release|Any CPU
		{E7477D3F-4B63-4796-B795-4E77E4A94AD1}.Release|x86.Build.0 = Release|Any CPU
	EndGlobalSection
	GlobalSection(SolutionProperties) = preSolution
		HideSolutionNode = FALSE
	EndGlobalSection
	GlobalSection(NestedProjects) = preSolution
		{7C2CE13D-6571-4223-B89C-F572B32201AF} = {827E0CD3-B72D-47B6-A68D-7590B98EB39B}
		{0513A4AC-672F-451C-A958-A60C608D1C73} = {827E0CD3-B72D-47B6-A68D-7590B98EB39B}
		{07B37FF0-C1D7-4776-852F-31D4CB99A081} = {827E0CD3-B72D-47B6-A68D-7590B98EB39B}
		{017B91D1-CFC5-4923-9F1A-4AFB73750772} = {827E0CD3-B72D-47B6-A68D-7590B98EB39B}
		{C7ED52A4-12E1-435D-8F76-94D07BB2500E} = {827E0CD3-B72D-47B6-A68D-7590B98EB39B}
		{2233F5BA-8D6A-4D30-923D-4DA8E2EE7AEB} = {827E0CD3-B72D-47B6-A68D-7590B98EB39B}
		{F985B158-51E3-4A6D-B802-AC28FFB6DCE6} = {0AB3BF05-4346-4AA6-1389-037BE0695223}
		{4B806BDE-7ECC-47EE-992E-689FDA186F66} = {0AB3BF05-4346-4AA6-1389-037BE0695223}
		{E7477D3F-4B63-4796-B795-4E77E4A94AD1} = {07C2787E-EAC7-C090-1BA3-A61EC2A24D84}
	EndGlobalSection
EndGlobal
